
Microsoft Visual Studio Solution File, Format Version 12.00
# Visual Studio Version 16
VisualStudioVersion = 16.0.31105.61
MinimumVisualStudioVersion = 10.0.40219.1
Project("{FAE04EC0-301F-11D3-BF4B-00C04F79EFBC}") = "WindowsFormsApp1", "WindowsFormsApp1.csproj", "{5D7CA87E-1156-4113-8856-A51D1B43FECD}"
EndProject
Global
	GlobalSection(SolutionConfigurationPlatforms) = preSolution
		Debug|Any CPU = Debug|Any CPU
		Release|Any CPU = Release|Any CPU
	EndGlobalSection
	GlobalSection(ProjectConfigurationPlatforms) = postSolution
		{5D7CA87E-1156-4113-8856-A51D1B43FECD}.Debug|Any CPU.ActiveCfg = Debug|Any CPU
		{5D7CA87E-1156-4113-8856-A51D1B43FECD}.Debug|Any CPU.Build.0 = Debug|Any CPU
		{5D7CA87E-1156-4113-8856-A51D1B43FECD}.Release|Any CPU.ActiveCfg = Release|Any CPU
		{5D7CA87E-1156-4113-8856-A51D1B43FECD}.Release|Any CPU.Build.0 = Release|Any CPU
	EndGlobalSection
	GlobalSection(SolutionProperties) = preSolution
		HideSolutionNode = FALSE
	EndGlobalSection
	GlobalSection(ExtensibilityGlobals) = postSolution
		SolutionGuid = {E0BF05F5-54CE-4B0E-8BDE-79978CC41786}
	EndGlobalSection
EndGlobal
